
Microsoft Visual Studio Solution File, Format Version 12.00
# Visual Studio Version 16
VisualStudioVersion = 16.0.31005.135
MinimumVisualStudioVersion = 10.0.40219.1
Project("{FAE04EC0-301F-11D3-BF4B-00C04F79EFBC}") = "TFSW", "TFSW\TFSW.csproj", "{95D07171-714A-46FB-8508-25A2752DA5E9}"
EndProject
Global
	GlobalSection(SolutionConfigurationPlatforms) = preSolution
		Debug|Any CPU = Debug|Any CPU
		Release|Any CPU = Release|Any CPU
	EndGlobalSection
	GlobalSection(ProjectConfigurationPlatforms) = postSolution
		{95D07171-714A-46FB-8508-25A2752DA5E9}.Debug|Any CPU.ActiveCfg = Debug|Any CPU
		{95D07171-714A-46FB-8508-25A2752DA5E9}.Debug|Any CPU.Build.0 = Debug|Any CPU
		{95D07171-714A-46FB-8508-25A2752DA5E9}.Release|Any CPU.ActiveCfg = Release|Any CPU
		{95D07171-714A-46FB-8508-25A2752DA5E9}.Release|Any CPU.Build.0 = Release|Any CPU
	EndGlobalSection
	GlobalSection(SolutionProperties) = preSolution
		HideSolutionNode = FALSE
	EndGlobalSection
	GlobalSection(ExtensibilityGlobals) = postSolution
		SolutionGuid = {F358EA6E-027E-4B4C-BAA4-D01A0068AB17}
	EndGlobalSection
EndGlobal
